
Microsoft Visual Studio Solution File, Format Version 12.00
# Visual Studio Version 17
VisualStudioVersion = 17.4.33213.308
MinimumVisualStudioVersion = 10.0.40219.1
Project("{9A19103F-16F7-4668-BE54-9A1E7A4F7556}") = "EZCode", "EZCode\EZCode.csproj", "{C8FB09DE-19EC-4F2A-89F9-C159B0956355}"
EndProject
Project("{9A19103F-16F7-4668-BE54-9A1E7A4F7556}") = "Test-Environment", "Test-Environment\Test-Environment.csproj", "{4EDF2B71-DD81-446D-9C13-FDA273AB3B2C}"
EndProject
Project("{9A19103F-16F7-4668-BE54-9A1E7A4F7556}") = "EZCodePlayer", "EZCodePlayer\EZCodePlayer.csproj", "{5C37AE1A-E3D0-445A-992B-1361976BE2F2}"
EndProject
Project("{9A19103F-16F7-4668-BE54-9A1E7A4F7556}") = "EZPlayer-WinForms", "EZCode-WinForms\EZPlayer-WinForms.csproj", "{8BE15D64-F561-4087-AB87-D0230BA54ACB}"
EndProject
Project("{9A19103F-16F7-4668-BE54-9A1E7A4F7556}") = "EZ_SLN_Builder", "EZ-SLN-Builder\EZ_SLN_Builder.csproj", "{78EFB082-81FA-42B1-A3D1-67F4818D2734}"
EndProject
Project("{9A19103F-16F7-4668-BE54-9A1E7A4F7556}") = "EZCode_Installer", "Installer\EZCode_Installer.csproj", "{8F43107E-FAE2-4E19-A9B9-2D93F06037F5}"
EndProject
Project("{9A19103F-16F7-4668-BE54-9A1E7A4F7556}") = "EZ_IDE", "EZ_IDE\EZ_IDE.csproj", "{A458612A-2A00-47A7-8834-00DF64385482}"
EndProject
Global
	GlobalSection(SolutionConfigurationPlatforms) = preSolution
		Debug|Any CPU = Debug|Any CPU
		Release|Any CPU = Release|Any CPU
	EndGlobalSection
	GlobalSection(ProjectConfigurationPlatforms) = postSolution
		{C8FB09DE-19EC-4F2A-89F9-C159B0956355}.Debug|Any CPU.ActiveCfg = Debug|Any CPU
		{C8FB09DE-19EC-4F2A-89F9-C159B0956355}.Debug|Any CPU.Build.0 = Debug|Any CPU
		{C8FB09DE-19EC-4F2A-89F9-C159B0956355}.Release|Any CPU.ActiveCfg = Release|Any CPU
		{C8FB09DE-19EC-4F2A-89F9-C159B0956355}.Release|Any CPU.Build.0 = Release|Any CPU
		{4EDF2B71-DD81-446D-9C13-FDA273AB3B2C}.Debug|Any CPU.ActiveCfg = Debug|Any CPU
		{4EDF2B71-DD81-446D-9C13-FDA273AB3B2C}.Debug|Any CPU.Build.0 = Debug|Any CPU
		{4EDF2B71-DD81-446D-9C13-FDA273AB3B2C}.Release|Any CPU.ActiveCfg = Release|Any CPU
		{4EDF2B71-DD81-446D-9C13-FDA273AB3B2C}.Release|Any CPU.Build.0 = Release|Any CPU
		{5C37AE1A-E3D0-445A-992B-1361976BE2F2}.Debug|Any CPU.ActiveCfg = Debug|Any CPU
		{5C37AE1A-E3D0-445A-992B-1361976BE2F2}.Debug|Any CPU.Build.0 = Debug|Any CPU
		{5C37AE1A-E3D0-445A-992B-1361976BE2F2}.Release|Any CPU.ActiveCfg = Release|Any CPU
		{5C37AE1A-E3D0-445A-992B-1361976BE2F2}.Release|Any CPU.Build.0 = Release|Any CPU
		{8BE15D64-F561-4087-AB87-D0230BA54ACB}.Debug|Any CPU.ActiveCfg = Debug|Any CPU
		{8BE15D64-F561-4087-AB87-D0230BA54ACB}.Debug|Any CPU.Build.0 = Debug|Any CPU
		{8BE15D64-F561-4087-AB87-D0230BA54ACB}.Release|Any CPU.ActiveCfg = Release|Any CPU
		{8BE15D64-F561-4087-AB87-D0230BA54ACB}.Release|Any CPU.Build.0 = Release|Any CPU
		{78EFB082-81FA-42B1-A3D1-67F4818D2734}.Debug|Any CPU.ActiveCfg = Debug|Any CPU
		{78EFB082-81FA-42B1-A3D1-67F4818D2734}.Debug|Any CPU.Build.0 = Debug|Any CPU
		{78EFB082-81FA-42B1-A3D1-67F4818D2734}.Release|Any CPU.ActiveCfg = Release|Any CPU
		{78EFB082-81FA-42B1-A3D1-67F4818D2734}.Release|Any CPU.Build.0 = Release|Any CPU
		{8F43107E-FAE2-4E19-A9B9-2D93F06037F5}.Debug|Any CPU.ActiveCfg = Debug|Any CPU
		{8F43107E-FAE2-4E19-A9B9-2D93F06037F5}.Debug|Any CPU.Build.0 = Debug|Any CPU
		{8F43107E-FAE2-4E19-A9B9-2D93F06037F5}.Release|Any CPU.ActiveCfg = Release|Any CPU
		{8F43107E-FAE2-4E19-A9B9-2D93F06037F5}.Release|Any CPU.Build.0 = Release|Any CPU
		{A458612A-2A00-47A7-8834-00DF64385482}.Debug|Any CPU.ActiveCfg = Debug|Any CPU
		{A458612A-2A00-47A7-8834-00DF64385482}.Debug|Any CPU.Build.0 = Debug|Any CPU
		{A458612A-2A00-47A7-8834-00DF64385482}.Release|Any CPU.ActiveCfg = Release|Any CPU
		{A458612A-2A00-47A7-8834-00DF64385482}.Release|Any CPU.Build.0 = Release|Any CPU
	EndGlobalSection
	GlobalSection(SolutionProperties) = preSolution
		HideSolutionNode = FALSE
	EndGlobalSection
	GlobalSection(ExtensibilityGlobals) = postSolution
		SolutionGuid = {B9D3EA0D-6162-49A3-9CB5-3688200298A2}
	EndGlobalSection
EndGlobal
