
Microsoft Visual Studio Solution File, Format Version 12.00
# Visual Studio Version 17
VisualStudioVersion = 17.4.33213.308
MinimumVisualStudioVersion = 10.0.40219.1
Project("{9A19103F-16F7-4668-BE54-9A1E7A4F7556}") = "EZCode", "EZCode\EZCode.csproj", "{C8FB09DE-19EC-4F2A-89F9-C159B0956355}"
EndProject
Project("{9A19103F-16F7-4668-BE54-9A1E7A4F7556}") = "Test-Environment", "Test-Environment\Test-Environment.csproj", "{4EDF2B71-DD81-446D-9C13-FDA273AB3B2C}"
EndProject
Project("{FAE04EC0-301F-11D3-BF4B-00C04F79EFBC}") = "EZCodePlayer", "EZCodePlayer\EZCodePlayer.csproj", "{5C37AE1A-E3D0-445A-992B-1361976BE2F2}"
EndProject
Global
	GlobalSection(SolutionConfigurationPlatforms) = preSolution
		Debug|Any CPU = Debug|Any CPU
		Release|Any CPU = Release|Any CPU
	EndGlobalSection
	GlobalSection(ProjectConfigurationPlatforms) = postSolution
		{C8FB09DE-19EC-4F2A-89F9-C159B0956355}.Debug|Any CPU.ActiveCfg = Debug|Any CPU
		{C8FB09DE-19EC-4F2A-89F9-C159B0956355}.Debug|Any CPU.Build.0 = Debug|Any CPU
		{C8FB09DE-19EC-4F2A-89F9-C159B0956355}.Release|Any CPU.ActiveCfg = Release|Any CPU
		{C8FB09DE-19EC-4F2A-89F9-C159B0956355}.Release|Any CPU.Build.0 = Release|Any CPU
		{4EDF2B71-DD81-446D-9C13-FDA273AB3B2C}.Debug|Any CPU.ActiveCfg = Debug|Any CPU
		{4EDF2B71-DD81-446D-9C13-FDA273AB3B2C}.Debug|Any CPU.Build.0 = Debug|Any CPU
		{4EDF2B71-DD81-446D-9C13-FDA273AB3B2C}.Release|Any CPU.ActiveCfg = Release|Any CPU
		{4EDF2B71-DD81-446D-9C13-FDA273AB3B2C}.Release|Any CPU.Build.0 = Release|Any CPU
		{5C37AE1A-E3D0-445A-992B-1361976BE2F2}.Debug|Any CPU.ActiveCfg = Debug|Any CPU
		{5C37AE1A-E3D0-445A-992B-1361976BE2F2}.Debug|Any CPU.Build.0 = Debug|Any CPU
		{5C37AE1A-E3D0-445A-992B-1361976BE2F2}.Release|Any CPU.ActiveCfg = Release|Any CPU
		{5C37AE1A-E3D0-445A-992B-1361976BE2F2}.Release|Any CPU.Build.0 = Release|Any CPU
	EndGlobalSection
	GlobalSection(SolutionProperties) = preSolution
		HideSolutionNode = FALSE
	EndGlobalSection
	GlobalSection(ExtensibilityGlobals) = postSolution
		SolutionGuid = {B9D3EA0D-6162-49A3-9CB5-3688200298A2}
	EndGlobalSection
EndGlobal
